
Microsoft Visual Studio Solution File, Format Version 12.00
# Visual Studio 15
VisualStudioVersion = 15.0.27130.2010
MinimumVisualStudioVersion = 10.0.40219.1
Project("{2150E333-8FDC-42A3-9474-1A3956D46DE8}") = "01 UI", "01 UI", "{309E919B-41CB-4BF6-B6AD-468A6924B25C}"
EndProject
Project("{2150E333-8FDC-42A3-9474-1A3956D46DE8}") = "02 Core", "02 Core", "{9A21D526-9D8F-4FF6-B90F-688B5AC83301}"
EndProject
Project("{2150E333-8FDC-42A3-9474-1A3956D46DE8}") = "03 Common", "03 Common", "{5FA091BE-CA05-47B8-B26F-7031FFB89860}"
EndProject
Project("{FAE04EC0-301F-11D3-BF4B-00C04F79EFBC}") = "Site.Untity", "Site.Untity\Site.Untity.csproj", "{422E16E1-A23A-4E46-95D3-840F7E44F2BE}"
EndProject
Project("{FAE04EC0-301F-11D3-BF4B-00C04F79EFBC}") = "Site.XiaoShuo.DataAccess", "Site.XiaoShuo.DataAccess\Site.XiaoShuo.DataAccess.csproj", "{5E287788-2226-4AA0-BF2A-BFC8794BC534}"
EndProject
Project("{FAE04EC0-301F-11D3-BF4B-00C04F79EFBC}") = "Site.XiaoShuo.Web", "Site.XiaoShuo.Web\Site.XiaoShuo.Web.csproj", "{EF171FB1-F871-4223-8215-A5DDE7DA4626}"
EndProject
Project("{2150E333-8FDC-42A3-9474-1A3956D46DE8}") = "04 WinForm", "04 WinForm", "{3EA8426B-C8C7-4E2D-90DB-4D5770F3C748}"
EndProject
Project("{FAE04EC0-301F-11D3-BF4B-00C04F79EFBC}") = "Site.Log", "Site.Log\Site.Log.csproj", "{98678771-C1D9-43DE-AAAF-80B2A95C19B3}"
EndProject
Project("{FAE04EC0-301F-11D3-BF4B-00C04F79EFBC}") = "Content.Filter", "Content.Filter\Content.Filter.csproj", "{3ABE3EC4-5B45-4767-989E-44C183A7636D}"
EndProject
Project("{2150E333-8FDC-42A3-9474-1A3956D46DE8}") = "05 WinService", "05 WinService", "{53ADD785-C4E5-4C77-91AB-A34AC4F7C259}"
EndProject
Project("{FAE04EC0-301F-11D3-BF4B-00C04F79EFBC}") = "Spider.Service", "Spider.Service\Spider.Service.csproj", "{E1682396-9DB0-4220-B8CD-815C543058BB}"
EndProject
Project("{FAE04EC0-301F-11D3-BF4B-00C04F79EFBC}") = "Watch.Spider.Service", "Watch.Spider.Service\Watch.Spider.Service.csproj", "{654BAF1D-D782-44E6-ABEA-EEC62CA3981A}"
EndProject
Project("{FAE04EC0-301F-11D3-BF4B-00C04F79EFBC}") = "Redis.Core", "Redis.Core\Redis.Core.csproj", "{11407A1D-F521-41E7-97C8-506B0234DB76}"
EndProject
Project("{FAE04EC0-301F-11D3-BF4B-00C04F79EFBC}") = "SentMail", "Site.Mail\SentMail.csproj", "{3FA14BB2-FFAE-4972-8450-261426FAE235}"
EndProject
Project("{FAE04EC0-301F-11D3-BF4B-00C04F79EFBC}") = "Site.Cars.DataAccess", "Site.Cars.DataAccess\Site.Cars.DataAccess.csproj", "{1D278D57-CDAB-4921-8629-8EC8E402DE02}"
EndProject
Project("{FAE04EC0-301F-11D3-BF4B-00C04F79EFBC}") = "Site.Cars.Web", "Site.Cars.Web\Site.Cars.Web.csproj", "{E0D87D61-9944-4472-A396-7B57925F851D}"
EndProject
Project("{FAE04EC0-301F-11D3-BF4B-00C04F79EFBC}") = "Site.Videos.DataAccess", "Site.Videos.DataAccess\Site.Videos.DataAccess.csproj", "{129A6802-0674-4AB9-8DF5-0342BF894B63}"
EndProject
Project("{FAE04EC0-301F-11D3-BF4B-00C04F79EFBC}") = "Spider.Main", "Spider.Main\Spider.Main.csproj", "{C248F729-BDDC-4C58-995A-E1ADCCA2289A}"
EndProject
Project("{FAE04EC0-301F-11D3-BF4B-00C04F79EFBC}") = "Site.Video.Web", "Site.Video.Web\Site.Video.Web.csproj", "{5D5E18AE-8E45-4246-9346-0B4FB823450D}"
EndProject
Project("{FAE04EC0-301F-11D3-BF4B-00C04F79EFBC}") = "Watch.Main", "Watch.Main\Watch.Main.csproj", "{9D84CD38-D376-4A99-ACFA-7E8FC753ABCC}"
EndProject
Project("{FAE04EC0-301F-11D3-BF4B-00C04F79EFBC}") = "Rabbit.Core", "Rabbit.Core\Rabbit.Core.csproj", "{3A0C9409-B169-4899-AA8B-E498E5F46B6D}"
EndProject
Project("{FAE04EC0-301F-11D3-BF4B-00C04F79EFBC}") = "Paypal.Core", "Paypal.Core\Paypal.Core.csproj", "{7A3E2D1E-003B-45E1-BDA2-95D6F513FA58}"
EndProject
Global
	GlobalSection(SolutionConfigurationPlatforms) = preSolution
		Debug|Any CPU = Debug|Any CPU
		Release|Any CPU = Release|Any CPU
	EndGlobalSection
	GlobalSection(ProjectConfigurationPlatforms) = postSolution
		{422E16E1-A23A-4E46-95D3-840F7E44F2BE}.Debug|Any CPU.ActiveCfg = Debug|Any CPU
		{422E16E1-A23A-4E46-95D3-840F7E44F2BE}.Debug|Any CPU.Build.0 = Debug|Any CPU
		{422E16E1-A23A-4E46-95D3-840F7E44F2BE}.Release|Any CPU.ActiveCfg = Release|Any CPU
		{422E16E1-A23A-4E46-95D3-840F7E44F2BE}.Release|Any CPU.Build.0 = Release|Any CPU
		{5E287788-2226-4AA0-BF2A-BFC8794BC534}.Debug|Any CPU.ActiveCfg = Debug|Any CPU
		{5E287788-2226-4AA0-BF2A-BFC8794BC534}.Debug|Any CPU.Build.0 = Debug|Any CPU
		{5E287788-2226-4AA0-BF2A-BFC8794BC534}.Release|Any CPU.ActiveCfg = Release|Any CPU
		{5E287788-2226-4AA0-BF2A-BFC8794BC534}.Release|Any CPU.Build.0 = Release|Any CPU
		{EF171FB1-F871-4223-8215-A5DDE7DA4626}.Debug|Any CPU.ActiveCfg = Debug|Any CPU
		{EF171FB1-F871-4223-8215-A5DDE7DA4626}.Debug|Any CPU.Build.0 = Debug|Any CPU
		{EF171FB1-F871-4223-8215-A5DDE7DA4626}.Release|Any CPU.ActiveCfg = Release|Any CPU
		{EF171FB1-F871-4223-8215-A5DDE7DA4626}.Release|Any CPU.Build.0 = Release|Any CPU
		{98678771-C1D9-43DE-AAAF-80B2A95C19B3}.Debug|Any CPU.ActiveCfg = Debug|Any CPU
		{98678771-C1D9-43DE-AAAF-80B2A95C19B3}.Debug|Any CPU.Build.0 = Debug|Any CPU
		{98678771-C1D9-43DE-AAAF-80B2A95C19B3}.Release|Any CPU.ActiveCfg = Release|Any CPU
		{98678771-C1D9-43DE-AAAF-80B2A95C19B3}.Release|Any CPU.Build.0 = Release|Any CPU
		{3ABE3EC4-5B45-4767-989E-44C183A7636D}.Debug|Any CPU.ActiveCfg = Debug|Any CPU
		{3ABE3EC4-5B45-4767-989E-44C183A7636D}.Debug|Any CPU.Build.0 = Debug|Any CPU
		{3ABE3EC4-5B45-4767-989E-44C183A7636D}.Release|Any CPU.ActiveCfg = Release|Any CPU
		{3ABE3EC4-5B45-4767-989E-44C183A7636D}.Release|Any CPU.Build.0 = Release|Any CPU
		{E1682396-9DB0-4220-B8CD-815C543058BB}.Debug|Any CPU.ActiveCfg = Debug|Any CPU
		{E1682396-9DB0-4220-B8CD-815C543058BB}.Debug|Any CPU.Build.0 = Debug|Any CPU
		{E1682396-9DB0-4220-B8CD-815C543058BB}.Release|Any CPU.ActiveCfg = Release|Any CPU
		{E1682396-9DB0-4220-B8CD-815C543058BB}.Release|Any CPU.Build.0 = Release|Any CPU
		{654BAF1D-D782-44E6-ABEA-EEC62CA3981A}.Debug|Any CPU.ActiveCfg = Debug|Any CPU
		{654BAF1D-D782-44E6-ABEA-EEC62CA3981A}.Debug|Any CPU.Build.0 = Debug|Any CPU
		{654BAF1D-D782-44E6-ABEA-EEC62CA3981A}.Release|Any CPU.ActiveCfg = Release|Any CPU
		{654BAF1D-D782-44E6-ABEA-EEC62CA3981A}.Release|Any CPU.Build.0 = Release|Any CPU
		{11407A1D-F521-41E7-97C8-506B0234DB76}.Debug|Any CPU.ActiveCfg = Debug|Any CPU
		{11407A1D-F521-41E7-97C8-506B0234DB76}.Debug|Any CPU.Build.0 = Debug|Any CPU
		{11407A1D-F521-41E7-97C8-506B0234DB76}.Release|Any CPU.ActiveCfg = Release|Any CPU
		{11407A1D-F521-41E7-97C8-506B0234DB76}.Release|Any CPU.Build.0 = Release|Any CPU
		{3FA14BB2-FFAE-4972-8450-261426FAE235}.Debug|Any CPU.ActiveCfg = Debug|Any CPU
		{3FA14BB2-FFAE-4972-8450-261426FAE235}.Debug|Any CPU.Build.0 = Debug|Any CPU
		{3FA14BB2-FFAE-4972-8450-261426FAE235}.Release|Any CPU.ActiveCfg = Release|Any CPU
		{3FA14BB2-FFAE-4972-8450-261426FAE235}.Release|Any CPU.Build.0 = Release|Any CPU
		{1D278D57-CDAB-4921-8629-8EC8E402DE02}.Debug|Any CPU.ActiveCfg = Debug|Any CPU
		{1D278D57-CDAB-4921-8629-8EC8E402DE02}.Debug|Any CPU.Build.0 = Debug|Any CPU
		{1D278D57-CDAB-4921-8629-8EC8E402DE02}.Release|Any CPU.ActiveCfg = Release|Any CPU
		{1D278D57-CDAB-4921-8629-8EC8E402DE02}.Release|Any CPU.Build.0 = Release|Any CPU
		{E0D87D61-9944-4472-A396-7B57925F851D}.Debug|Any CPU.ActiveCfg = Debug|Any CPU
		{E0D87D61-9944-4472-A396-7B57925F851D}.Debug|Any CPU.Build.0 = Debug|Any CPU
		{E0D87D61-9944-4472-A396-7B57925F851D}.Release|Any CPU.ActiveCfg = Release|Any CPU
		{E0D87D61-9944-4472-A396-7B57925F851D}.Release|Any CPU.Build.0 = Release|Any CPU
		{129A6802-0674-4AB9-8DF5-0342BF894B63}.Debug|Any CPU.ActiveCfg = Debug|Any CPU
		{129A6802-0674-4AB9-8DF5-0342BF894B63}.Debug|Any CPU.Build.0 = Debug|Any CPU
		{129A6802-0674-4AB9-8DF5-0342BF894B63}.Release|Any CPU.ActiveCfg = Release|Any CPU
		{129A6802-0674-4AB9-8DF5-0342BF894B63}.Release|Any CPU.Build.0 = Release|Any CPU
		{C248F729-BDDC-4C58-995A-E1ADCCA2289A}.Debug|Any CPU.ActiveCfg = Debug|Any CPU
		{C248F729-BDDC-4C58-995A-E1ADCCA2289A}.Debug|Any CPU.Build.0 = Debug|Any CPU
		{C248F729-BDDC-4C58-995A-E1ADCCA2289A}.Release|Any CPU.ActiveCfg = Release|Any CPU
		{C248F729-BDDC-4C58-995A-E1ADCCA2289A}.Release|Any CPU.Build.0 = Release|Any CPU
		{5D5E18AE-8E45-4246-9346-0B4FB823450D}.Debug|Any CPU.ActiveCfg = Debug|Any CPU
		{5D5E18AE-8E45-4246-9346-0B4FB823450D}.Debug|Any CPU.Build.0 = Debug|Any CPU
		{5D5E18AE-8E45-4246-9346-0B4FB823450D}.Release|Any CPU.ActiveCfg = Release|Any CPU
		{5D5E18AE-8E45-4246-9346-0B4FB823450D}.Release|Any CPU.Build.0 = Release|Any CPU
		{9D84CD38-D376-4A99-ACFA-7E8FC753ABCC}.Debug|Any CPU.ActiveCfg = Debug|Any CPU
		{9D84CD38-D376-4A99-ACFA-7E8FC753ABCC}.Debug|Any CPU.Build.0 = Debug|Any CPU
		{9D84CD38-D376-4A99-ACFA-7E8FC753ABCC}.Release|Any CPU.ActiveCfg = Release|Any CPU
		{9D84CD38-D376-4A99-ACFA-7E8FC753ABCC}.Release|Any CPU.Build.0 = Release|Any CPU
		{3A0C9409-B169-4899-AA8B-E498E5F46B6D}.Debug|Any CPU.ActiveCfg = Debug|Any CPU
		{3A0C9409-B169-4899-AA8B-E498E5F46B6D}.Debug|Any CPU.Build.0 = Debug|Any CPU
		{3A0C9409-B169-4899-AA8B-E498E5F46B6D}.Release|Any CPU.ActiveCfg = Release|Any CPU
		{3A0C9409-B169-4899-AA8B-E498E5F46B6D}.Release|Any CPU.Build.0 = Release|Any CPU
		{7A3E2D1E-003B-45E1-BDA2-95D6F513FA58}.Debug|Any CPU.ActiveCfg = Debug|Any CPU
		{7A3E2D1E-003B-45E1-BDA2-95D6F513FA58}.Debug|Any CPU.Build.0 = Debug|Any CPU
		{7A3E2D1E-003B-45E1-BDA2-95D6F513FA58}.Release|Any CPU.ActiveCfg = Release|Any CPU
		{7A3E2D1E-003B-45E1-BDA2-95D6F513FA58}.Release|Any CPU.Build.0 = Release|Any CPU
	EndGlobalSection
	GlobalSection(SolutionProperties) = preSolution
		HideSolutionNode = FALSE
	EndGlobalSection
	GlobalSection(NestedProjects) = preSolution
		{422E16E1-A23A-4E46-95D3-840F7E44F2BE} = {5FA091BE-CA05-47B8-B26F-7031FFB89860}
		{5E287788-2226-4AA0-BF2A-BFC8794BC534} = {9A21D526-9D8F-4FF6-B90F-688B5AC83301}
		{EF171FB1-F871-4223-8215-A5DDE7DA4626} = {309E919B-41CB-4BF6-B6AD-468A6924B25C}
		{98678771-C1D9-43DE-AAAF-80B2A95C19B3} = {5FA091BE-CA05-47B8-B26F-7031FFB89860}
		{3ABE3EC4-5B45-4767-989E-44C183A7636D} = {3EA8426B-C8C7-4E2D-90DB-4D5770F3C748}
		{E1682396-9DB0-4220-B8CD-815C543058BB} = {53ADD785-C4E5-4C77-91AB-A34AC4F7C259}
		{654BAF1D-D782-44E6-ABEA-EEC62CA3981A} = {53ADD785-C4E5-4C77-91AB-A34AC4F7C259}
		{11407A1D-F521-41E7-97C8-506B0234DB76} = {5FA091BE-CA05-47B8-B26F-7031FFB89860}
		{3FA14BB2-FFAE-4972-8450-261426FAE235} = {5FA091BE-CA05-47B8-B26F-7031FFB89860}
		{1D278D57-CDAB-4921-8629-8EC8E402DE02} = {9A21D526-9D8F-4FF6-B90F-688B5AC83301}
		{E0D87D61-9944-4472-A396-7B57925F851D} = {309E919B-41CB-4BF6-B6AD-468A6924B25C}
		{129A6802-0674-4AB9-8DF5-0342BF894B63} = {9A21D526-9D8F-4FF6-B90F-688B5AC83301}
		{C248F729-BDDC-4C58-995A-E1ADCCA2289A} = {3EA8426B-C8C7-4E2D-90DB-4D5770F3C748}
		{5D5E18AE-8E45-4246-9346-0B4FB823450D} = {309E919B-41CB-4BF6-B6AD-468A6924B25C}
		{9D84CD38-D376-4A99-ACFA-7E8FC753ABCC} = {3EA8426B-C8C7-4E2D-90DB-4D5770F3C748}
		{3A0C9409-B169-4899-AA8B-E498E5F46B6D} = {5FA091BE-CA05-47B8-B26F-7031FFB89860}
		{7A3E2D1E-003B-45E1-BDA2-95D6F513FA58} = {5FA091BE-CA05-47B8-B26F-7031FFB89860}
	EndGlobalSection
	GlobalSection(ExtensibilityGlobals) = postSolution
		EnterpriseLibraryConfigurationToolBinariesPathV6 = packages\EnterpriseLibrary.Common.6.0.1304.0\lib\NET45;packages\EnterpriseLibrary.Data.6.0.1304.0\lib\NET45
		SolutionGuid = {A9A73CCA-15F6-4AEF-A87C-87E1595006DD}
	EndGlobalSection
EndGlobal
